{
  "version": 4,
  "terraform_version": "1.1.3",
  "serial": 18,
  "lineage": "d7023f30-4a95-68b2-68d6-f542b41963ad",
  "outputs": {},
  "resources": [
    {
      "mode": "managed",
      "type": "azurerm_public_ip",
      "name": "AP-ERGW-pip",
      "provider": "provider[\"registry.terraform.io/hashicorp/azurerm\"]",
      "instances": [
        {
          "schema_version": 0,
          "attributes": {
            "allocation_method": "Dynamic",
            "domain_name_label": null,
            "fqdn": null,
            "id": "/subscriptions/5724b903-4538-4a5e-a901-8800185b5788/resourceGroups/AP-kthiramitsu/providers/Microsoft.Network/publicIPAddresses/AP-ERGW-pip",
            "idle_timeout_in_minutes": 4,
            "ip_address": "",
            "ip_version": "IPv4",
            "location": "japanwest",
            "name": "AP-ERGW-pip",
            "public_ip_prefix_id": null,
            "resource_group_name": "AP-kthiramitsu",
            "reverse_fqdn": null,
            "sku": "Basic",
            "tags": {},
            "timeouts": null,
            "zones": []
          },
          "sensitive_attributes": [],
          "private": "eyJlMmJmYjczMC1lY2FhLTExZTYtOGY4OC0zNDM2M2JjN2M0YzAiOnsiY3JlYXRlIjoxODAwMDAwMDAwMDAwLCJkZWxldGUiOjE4MDAwMDAwMDAwMDAsInJlYWQiOjMwMDAwMDAwMDAwMCwidXBkYXRlIjoxODAwMDAwMDAwMDAwfX0="
        }
      ]
    },
    {
      "mode": "managed",
      "type": "azurerm_resource_group",
      "name": "rg",
      "provider": "provider[\"registry.terraform.io/hashicorp/azurerm\"]",
      "instances": [
        {
          "schema_version": 0,
          "attributes": {
            "id": "/subscriptions/5724b903-4538-4a5e-a901-8800185b5788/resourceGroups/AP-kthiramitsu",
            "location": "japanwest",
            "name": "AP-kthiramitsu",
            "tags": {},
            "timeouts": null
          },
          "sensitive_attributes": [],
          "private": "eyJlMmJmYjczMC1lY2FhLTExZTYtOGY4OC0zNDM2M2JjN2M0YzAiOnsiY3JlYXRlIjo1NDAwMDAwMDAwMDAwLCJkZWxldGUiOjU0MDAwMDAwMDAwMDAsInJlYWQiOjMwMDAwMDAwMDAwMCwidXBkYXRlIjo1NDAwMDAwMDAwMDAwfX0="
        }
      ]
    },
    {
      "mode": "managed",
      "type": "azurerm_subnet",
      "name": "GatewaySubnet",
      "provider": "provider[\"registry.terraform.io/hashicorp/azurerm\"]",
      "instances": [
        {
          "schema_version": 0,
          "attributes": {
            "address_prefix": "10.5.3.0/24",
            "address_prefixes": [
              "10.5.3.0/24"
            ],
            "delegation": [],
            "enforce_private_link_endpoint_network_policies": false,
            "enforce_private_link_service_network_policies": false,
            "id": "/subscriptions/5724b903-4538-4a5e-a901-8800185b5788/resourceGroups/AP-kthiramitsu/providers/Microsoft.Network/virtualNetworks/AP-vnet/subnets/GatewaySubnet",
            "name": "GatewaySubnet",
            "resource_group_name": "AP-kthiramitsu",
            "service_endpoint_policy_ids": null,
            "service_endpoints": null,
            "timeouts": null,
            "virtual_network_name": "AP-vnet"
          },
          "sensitive_attributes": [],
          "private": "eyJlMmJmYjczMC1lY2FhLTExZTYtOGY4OC0zNDM2M2JjN2M0YzAiOnsiY3JlYXRlIjoxODAwMDAwMDAwMDAwLCJkZWxldGUiOjE4MDAwMDAwMDAwMDAsInJlYWQiOjMwMDAwMDAwMDAwMCwidXBkYXRlIjoxODAwMDAwMDAwMDAwfX0="
        }
      ]
    },
    {
      "mode": "managed",
      "type": "azurerm_subnet",
      "name": "subnet-dev",
      "provider": "provider[\"registry.terraform.io/hashicorp/azurerm\"]",
      "instances": [
        {
          "schema_version": 0,
          "attributes": {
            "address_prefix": "10.5.1.0/24",
            "address_prefixes": [
              "10.5.1.0/24"
            ],
            "delegation": [],
            "enforce_private_link_endpoint_network_policies": false,
            "enforce_private_link_service_network_policies": false,
            "id": "/subscriptions/5724b903-4538-4a5e-a901-8800185b5788/resourceGroups/AP-kthiramitsu/providers/Microsoft.Network/virtualNetworks/AP-vnet/subnets/AP-vnet-subnet-dev",
            "name": "AP-vnet-subnet-dev",
            "resource_group_name": "AP-kthiramitsu",
            "service_endpoint_policy_ids": [],
            "service_endpoints": [],
            "timeouts": null,
            "virtual_network_name": "AP-vnet"
          },
          "sensitive_attributes": [],
          "private": "eyJlMmJmYjczMC1lY2FhLTExZTYtOGY4OC0zNDM2M2JjN2M0YzAiOnsiY3JlYXRlIjoxODAwMDAwMDAwMDAwLCJkZWxldGUiOjE4MDAwMDAwMDAwMDAsInJlYWQiOjMwMDAwMDAwMDAwMCwidXBkYXRlIjoxODAwMDAwMDAwMDAwfX0="
        }
      ]
    },
    {
      "mode": "managed",
      "type": "azurerm_subnet",
      "name": "subnet-stg",
      "provider": "provider[\"registry.terraform.io/hashicorp/azurerm\"]",
      "instances": [
        {
          "schema_version": 0,
          "attributes": {
            "address_prefix": "10.5.2.0/24",
            "address_prefixes": [
              "10.5.2.0/24"
            ],
            "delegation": [],
            "enforce_private_link_endpoint_network_policies": false,
            "enforce_private_link_service_network_policies": false,
            "id": "/subscriptions/5724b903-4538-4a5e-a901-8800185b5788/resourceGroups/AP-kthiramitsu/providers/Microsoft.Network/virtualNetworks/AP-vnet/subnets/AP-vnet-subnet-stg",
            "name": "AP-vnet-subnet-stg",
            "resource_group_name": "AP-kthiramitsu",
            "service_endpoint_policy_ids": [],
            "service_endpoints": [],
            "timeouts": null,
            "virtual_network_name": "AP-vnet"
          },
          "sensitive_attributes": [],
          "private": "eyJlMmJmYjczMC1lY2FhLTExZTYtOGY4OC0zNDM2M2JjN2M0YzAiOnsiY3JlYXRlIjoxODAwMDAwMDAwMDAwLCJkZWxldGUiOjE4MDAwMDAwMDAwMDAsInJlYWQiOjMwMDAwMDAwMDAwMCwidXBkYXRlIjoxODAwMDAwMDAwMDAwfX0="
        }
      ]
    },
    {
      "mode": "managed",
      "type": "azurerm_virtual_network",
      "name": "vnet",
      "provider": "provider[\"registry.terraform.io/hashicorp/azurerm\"]",
      "instances": [
        {
          "schema_version": 0,
          "attributes": {
            "address_space": [
              "10.5.0.0/16"
            ],
            "bgp_community": "",
            "ddos_protection_plan": [],
            "dns_servers": [],
            "guid": "f81fa24a-7508-48f9-8179-5e333ba370bf",
            "id": "/subscriptions/5724b903-4538-4a5e-a901-8800185b5788/resourceGroups/AP-kthiramitsu/providers/Microsoft.Network/virtualNetworks/AP-vnet",
            "location": "japanwest",
            "name": "AP-vnet",
            "resource_group_name": "AP-kthiramitsu",
            "subnet": [
              {
                "address_prefix": "10.5.1.0/24",
                "id": "/subscriptions/5724b903-4538-4a5e-a901-8800185b5788/resourceGroups/AP-kthiramitsu/providers/Microsoft.Network/virtualNetworks/AP-vnet/subnets/AP-vnet-subnet-dev",
                "name": "AP-vnet-subnet-dev",
                "security_group": ""
              },
              {
                "address_prefix": "10.5.2.0/24",
                "id": "/subscriptions/5724b903-4538-4a5e-a901-8800185b5788/resourceGroups/AP-kthiramitsu/providers/Microsoft.Network/virtualNetworks/AP-vnet/subnets/AP-vnet-subnet-stg",
                "name": "AP-vnet-subnet-stg",
                "security_group": ""
              },
              {
                "address_prefix": "10.5.3.0/24",
                "id": "/subscriptions/5724b903-4538-4a5e-a901-8800185b5788/resourceGroups/AP-kthiramitsu/providers/Microsoft.Network/virtualNetworks/AP-vnet/subnets/AzureGatewaySubnet",
                "name": "AzureGatewaySubnet",
                "security_group": ""
              }
            ],
            "tags": {},
            "timeouts": null,
            "vm_protection_enabled": false
          },
          "sensitive_attributes": [],
          "private": "eyJlMmJmYjczMC1lY2FhLTExZTYtOGY4OC0zNDM2M2JjN2M0YzAiOnsiY3JlYXRlIjoxODAwMDAwMDAwMDAwLCJkZWxldGUiOjE4MDAwMDAwMDAwMDAsInJlYWQiOjMwMDAwMDAwMDAwMCwidXBkYXRlIjoxODAwMDAwMDAwMDAwfX0="
        }
      ]
    },
    {
      "mode": "managed",
      "type": "azurerm_virtual_network_gateway",
      "name": "ERGW",
      "provider": "provider[\"registry.terraform.io/hashicorp/azurerm\"]",
      "instances": [
        {
          "schema_version": 0,
          "attributes": {
            "active_active": false,
            "bgp_settings": [],
            "custom_route": [],
            "default_local_network_gateway_id": null,
            "enable_bgp": false,
            "generation": "None",
            "id": "/subscriptions/5724b903-4538-4a5e-a901-8800185b5788/resourceGroups/AP-kthiramitsu/providers/Microsoft.Network/virtualNetworkGateways/AP-ERGW",
            "ip_configuration": [
              {
                "name": "AP-ERGW-pip",
                "private_ip_address_allocation": "Dynamic",
                "public_ip_address_id": "/subscriptions/5724b903-4538-4a5e-a901-8800185b5788/resourceGroups/AP-kthiramitsu/providers/Microsoft.Network/publicIPAddresses/AP-ERGW-pip",
                "subnet_id": "/subscriptions/5724b903-4538-4a5e-a901-8800185b5788/resourceGroups/AP-kthiramitsu/providers/Microsoft.Network/virtualNetworks/AP-vnet/subnets/GatewaySubnet"
              }
            ],
            "location": "japanwest",
            "name": "AP-ERGW",
            "private_ip_address_enabled": false,
            "resource_group_name": "AP-kthiramitsu",
            "sku": "Standard",
            "tags": null,
            "timeouts": null,
            "type": "ExpressRoute",
            "vpn_client_configuration": [],
            "vpn_type": "RouteBased"
          },
          "sensitive_attributes": [],
          "private": "eyJlMmJmYjczMC1lY2FhLTExZTYtOGY4OC0zNDM2M2JjN2M0YzAiOnsiY3JlYXRlIjozNjAwMDAwMDAwMDAwLCJkZWxldGUiOjM2MDAwMDAwMDAwMDAsInJlYWQiOjMwMDAwMDAwMDAwMCwidXBkYXRlIjozNjAwMDAwMDAwMDAwfX0=",
          "dependencies": [
            "azurerm_public_ip.AP-ERGW-pip",
            "azurerm_subnet.GatewaySubnet"
          ]
        }
      ]
    }
  ]
}
