{
  "version": 4,
  "terraform_version": "1.1.3",
  "serial": 26,
  "lineage": "d7023f30-4a95-68b2-68d6-f542b41963ad",
  "outputs": {},
  "resources": [
    {
      "mode": "managed",
      "type": "azurerm_managed_disk",
      "name": "disk-dev-1",
      "provider": "provider[\"registry.terraform.io/hashicorp/azurerm\"]",
      "instances": [
        {
          "schema_version": 0,
          "attributes": {
            "create_option": "Empty",
            "disk_encryption_set_id": "",
            "disk_iops_read_write": 500,
            "disk_mbps_read_write": 100,
            "disk_size_gb": 128,
            "encryption_settings": [],
            "id": "/subscriptions/5724b903-4538-4a5e-a901-8800185b5788/resourceGroups/AP-kthiramitsu/providers/Microsoft.Compute/disks/Managed_Disk_dev-01",
            "image_reference_id": "",
            "location": "japanwest",
            "name": "Managed_Disk_dev-01",
            "os_type": "",
            "resource_group_name": "AP-kthiramitsu",
            "source_resource_id": "",
            "source_uri": "",
            "storage_account_id": "",
            "storage_account_type": "Premium_LRS",
            "tags": null,
            "timeouts": null,
            "zones": null
          },
          "sensitive_attributes": [],
          "private": "eyJlMmJmYjczMC1lY2FhLTExZTYtOGY4OC0zNDM2M2JjN2M0YzAiOnsiY3JlYXRlIjoxODAwMDAwMDAwMDAwLCJkZWxldGUiOjE4MDAwMDAwMDAwMDAsInJlYWQiOjMwMDAwMDAwMDAwMCwidXBkYXRlIjoxODAwMDAwMDAwMDAwfX0="
        }
      ]
    },
    {
      "mode": "managed",
      "type": "azurerm_managed_disk",
      "name": "disk-dev-2",
      "provider": "provider[\"registry.terraform.io/hashicorp/azurerm\"]",
      "instances": [
        {
          "schema_version": 0,
          "attributes": {
            "create_option": "Empty",
            "disk_encryption_set_id": "",
            "disk_iops_read_write": 500,
            "disk_mbps_read_write": 100,
            "disk_size_gb": 128,
            "encryption_settings": [],
            "id": "/subscriptions/5724b903-4538-4a5e-a901-8800185b5788/resourceGroups/AP-kthiramitsu/providers/Microsoft.Compute/disks/Managed_Disk_dev-02",
            "image_reference_id": "",
            "location": "japanwest",
            "name": "Managed_Disk_dev-02",
            "os_type": "",
            "resource_group_name": "AP-kthiramitsu",
            "source_resource_id": "",
            "source_uri": "",
            "storage_account_id": "",
            "storage_account_type": "Premium_LRS",
            "tags": null,
            "timeouts": null,
            "zones": null
          },
          "sensitive_attributes": [],
          "private": "eyJlMmJmYjczMC1lY2FhLTExZTYtOGY4OC0zNDM2M2JjN2M0YzAiOnsiY3JlYXRlIjoxODAwMDAwMDAwMDAwLCJkZWxldGUiOjE4MDAwMDAwMDAwMDAsInJlYWQiOjMwMDAwMDAwMDAwMCwidXBkYXRlIjoxODAwMDAwMDAwMDAwfX0="
        }
      ]
    },
    {
      "mode": "managed",
      "type": "azurerm_network_interface",
      "name": "vm-dev-nic",
      "provider": "provider[\"registry.terraform.io/hashicorp/azurerm\"]",
      "instances": [
        {
          "schema_version": 0,
          "attributes": {
            "applied_dns_servers": [],
            "dns_servers": [],
            "enable_accelerated_networking": false,
            "enable_ip_forwarding": false,
            "id": "/subscriptions/5724b903-4538-4a5e-a901-8800185b5788/resourceGroups/AP-kthiramitsu/providers/Microsoft.Network/networkInterfaces/AP-server-dev-nic",
            "internal_dns_name_label": "",
            "internal_domain_name_suffix": "jkrb54aiox2uralzlyztxi1qxh.mx.internal.cloudapp.net",
            "ip_configuration": [
              {
                "name": "AP-server-dev-nic-ip",
                "primary": true,
                "private_ip_address": "10.5.1.4",
                "private_ip_address_allocation": "Dynamic",
                "private_ip_address_version": "IPv4",
                "public_ip_address_id": "",
                "subnet_id": "/subscriptions/5724b903-4538-4a5e-a901-8800185b5788/resourceGroups/AP-kthiramitsu/providers/Microsoft.Network/virtualNetworks/AP-vnet/subnets/AP-vnet-subnet-dev"
              }
            ],
            "location": "japanwest",
            "mac_address": "00-22-48-62-49-96",
            "name": "AP-server-dev-nic",
            "private_ip_address": "10.5.1.4",
            "private_ip_addresses": [
              "10.5.1.4"
            ],
            "resource_group_name": "AP-kthiramitsu",
            "tags": {},
            "timeouts": null,
            "virtual_machine_id": "/subscriptions/5724b903-4538-4a5e-a901-8800185b5788/resourceGroups/AP-kthiramitsu/providers/Microsoft.Compute/virtualMachines/AP-server-dev"
          },
          "sensitive_attributes": [],
          "private": "eyJlMmJmYjczMC1lY2FhLTExZTYtOGY4OC0zNDM2M2JjN2M0YzAiOnsiY3JlYXRlIjoxODAwMDAwMDAwMDAwLCJkZWxldGUiOjE4MDAwMDAwMDAwMDAsInJlYWQiOjMwMDAwMDAwMDAwMCwidXBkYXRlIjoxODAwMDAwMDAwMDAwfX0=",
          "dependencies": [
            "azurerm_subnet.subnet-dev"
          ]
        }
      ]
    },
    {
      "mode": "managed",
      "type": "azurerm_network_interface_security_group_association",
      "name": "vm-dev-nic",
      "provider": "provider[\"registry.terraform.io/hashicorp/azurerm\"]",
      "instances": [
        {
          "schema_version": 0,
          "attributes": {
            "id": "/subscriptions/5724b903-4538-4a5e-a901-8800185b5788/resourceGroups/AP-kthiramitsu/providers/Microsoft.Network/networkInterfaces/AP-server-dev-nic|/subscriptions/5724b903-4538-4a5e-a901-8800185b5788/resourceGroups/AP-kthiramitsu/providers/Microsoft.Network/networkSecurityGroups/AP-server-dev-nsg",
            "network_interface_id": "/subscriptions/5724b903-4538-4a5e-a901-8800185b5788/resourceGroups/AP-kthiramitsu/providers/Microsoft.Network/networkInterfaces/AP-server-dev-nic",
            "network_security_group_id": "/subscriptions/5724b903-4538-4a5e-a901-8800185b5788/resourceGroups/AP-kthiramitsu/providers/Microsoft.Network/networkSecurityGroups/AP-server-dev-nsg",
            "timeouts": null
          },
          "sensitive_attributes": [],
          "private": "eyJlMmJmYjczMC1lY2FhLTExZTYtOGY4OC0zNDM2M2JjN2M0YzAiOnsiY3JlYXRlIjoxODAwMDAwMDAwMDAwLCJkZWxldGUiOjE4MDAwMDAwMDAwMDAsInJlYWQiOjMwMDAwMDAwMDAwMCwidXBkYXRlIjoxODAwMDAwMDAwMDAwfX0=",
          "dependencies": [
            "azurerm_subnet.subnet-dev",
            "azurerm_network_interface.vm-dev-nic",
            "azurerm_network_security_group.vm-dev-nsg"
          ]
        }
      ]
    },
    {
      "mode": "managed",
      "type": "azurerm_network_security_group",
      "name": "vm-dev-nsg",
      "provider": "provider[\"registry.terraform.io/hashicorp/azurerm\"]",
      "instances": [
        {
          "schema_version": 0,
          "attributes": {
            "id": "/subscriptions/5724b903-4538-4a5e-a901-8800185b5788/resourceGroups/AP-kthiramitsu/providers/Microsoft.Network/networkSecurityGroups/AP-server-dev-nsg",
            "location": "japanwest",
            "name": "AP-server-dev-nsg",
            "resource_group_name": "AP-kthiramitsu",
            "security_rule": [
              {
                "access": "Allow",
                "description": "",
                "destination_address_prefix": "*",
                "destination_address_prefixes": [],
                "destination_application_security_group_ids": [],
                "destination_port_range": "3389",
                "destination_port_ranges": [],
                "direction": "Inbound",
                "name": "RDP",
                "priority": 100,
                "protocol": "Tcp",
                "source_address_prefix": "*",
                "source_address_prefixes": [],
                "source_application_security_group_ids": [],
                "source_port_range": "*",
                "source_port_ranges": []
              }
            ],
            "tags": {},
            "timeouts": null
          },
          "sensitive_attributes": [],
          "private": "eyJlMmJmYjczMC1lY2FhLTExZTYtOGY4OC0zNDM2M2JjN2M0YzAiOnsiY3JlYXRlIjoxODAwMDAwMDAwMDAwLCJkZWxldGUiOjE4MDAwMDAwMDAwMDAsInJlYWQiOjMwMDAwMDAwMDAwMCwidXBkYXRlIjoxODAwMDAwMDAwMDAwfX0="
        }
      ]
    },
    {
      "mode": "managed",
      "type": "azurerm_public_ip",
      "name": "AP-ERGW-pip",
      "provider": "provider[\"registry.terraform.io/hashicorp/azurerm\"]",
      "instances": [
        {
          "schema_version": 0,
          "attributes": {
            "allocation_method": "Dynamic",
            "domain_name_label": null,
            "fqdn": null,
            "id": "/subscriptions/5724b903-4538-4a5e-a901-8800185b5788/resourceGroups/AP-kthiramitsu/providers/Microsoft.Network/publicIPAddresses/AP-ERGW-pip",
            "idle_timeout_in_minutes": 4,
            "ip_address": "20.89.246.152",
            "ip_version": "IPv4",
            "location": "japanwest",
            "name": "AP-ERGW-pip",
            "public_ip_prefix_id": null,
            "resource_group_name": "AP-kthiramitsu",
            "reverse_fqdn": null,
            "sku": "Basic",
            "tags": {},
            "timeouts": null,
            "zones": []
          },
          "sensitive_attributes": [],
          "private": "eyJlMmJmYjczMC1lY2FhLTExZTYtOGY4OC0zNDM2M2JjN2M0YzAiOnsiY3JlYXRlIjoxODAwMDAwMDAwMDAwLCJkZWxldGUiOjE4MDAwMDAwMDAwMDAsInJlYWQiOjMwMDAwMDAwMDAwMCwidXBkYXRlIjoxODAwMDAwMDAwMDAwfX0="
        }
      ]
    },
    {
      "mode": "managed",
      "type": "azurerm_resource_group",
      "name": "rg",
      "provider": "provider[\"registry.terraform.io/hashicorp/azurerm\"]",
      "instances": [
        {
          "schema_version": 0,
          "attributes": {
            "id": "/subscriptions/5724b903-4538-4a5e-a901-8800185b5788/resourceGroups/AP-kthiramitsu",
            "location": "japanwest",
            "name": "AP-kthiramitsu",
            "tags": {},
            "timeouts": null
          },
          "sensitive_attributes": [],
          "private": "eyJlMmJmYjczMC1lY2FhLTExZTYtOGY4OC0zNDM2M2JjN2M0YzAiOnsiY3JlYXRlIjo1NDAwMDAwMDAwMDAwLCJkZWxldGUiOjU0MDAwMDAwMDAwMDAsInJlYWQiOjMwMDAwMDAwMDAwMCwidXBkYXRlIjo1NDAwMDAwMDAwMDAwfX0="
        }
      ]
    },
    {
      "mode": "managed",
      "type": "azurerm_subnet",
      "name": "GatewaySubnet",
      "provider": "provider[\"registry.terraform.io/hashicorp/azurerm\"]",
      "instances": [
        {
          "schema_version": 0,
          "attributes": {
            "address_prefix": "10.5.3.0/24",
            "address_prefixes": [
              "10.5.3.0/24"
            ],
            "delegation": [],
            "enforce_private_link_endpoint_network_policies": false,
            "enforce_private_link_service_network_policies": false,
            "id": "/subscriptions/5724b903-4538-4a5e-a901-8800185b5788/resourceGroups/AP-kthiramitsu/providers/Microsoft.Network/virtualNetworks/AP-vnet/subnets/GatewaySubnet",
            "name": "GatewaySubnet",
            "resource_group_name": "AP-kthiramitsu",
            "service_endpoint_policy_ids": [],
            "service_endpoints": [],
            "timeouts": null,
            "virtual_network_name": "AP-vnet"
          },
          "sensitive_attributes": [],
          "private": "eyJlMmJmYjczMC1lY2FhLTExZTYtOGY4OC0zNDM2M2JjN2M0YzAiOnsiY3JlYXRlIjoxODAwMDAwMDAwMDAwLCJkZWxldGUiOjE4MDAwMDAwMDAwMDAsInJlYWQiOjMwMDAwMDAwMDAwMCwidXBkYXRlIjoxODAwMDAwMDAwMDAwfX0="
        }
      ]
    },
    {
      "mode": "managed",
      "type": "azurerm_subnet",
      "name": "subnet-dev",
      "provider": "provider[\"registry.terraform.io/hashicorp/azurerm\"]",
      "instances": [
        {
          "schema_version": 0,
          "attributes": {
            "address_prefix": "10.5.1.0/24",
            "address_prefixes": [
              "10.5.1.0/24"
            ],
            "delegation": [],
            "enforce_private_link_endpoint_network_policies": false,
            "enforce_private_link_service_network_policies": false,
            "id": "/subscriptions/5724b903-4538-4a5e-a901-8800185b5788/resourceGroups/AP-kthiramitsu/providers/Microsoft.Network/virtualNetworks/AP-vnet/subnets/AP-vnet-subnet-dev",
            "name": "AP-vnet-subnet-dev",
            "resource_group_name": "AP-kthiramitsu",
            "service_endpoint_policy_ids": [],
            "service_endpoints": [],
            "timeouts": null,
            "virtual_network_name": "AP-vnet"
          },
          "sensitive_attributes": [],
          "private": "eyJlMmJmYjczMC1lY2FhLTExZTYtOGY4OC0zNDM2M2JjN2M0YzAiOnsiY3JlYXRlIjoxODAwMDAwMDAwMDAwLCJkZWxldGUiOjE4MDAwMDAwMDAwMDAsInJlYWQiOjMwMDAwMDAwMDAwMCwidXBkYXRlIjoxODAwMDAwMDAwMDAwfX0="
        }
      ]
    },
    {
      "mode": "managed",
      "type": "azurerm_subnet",
      "name": "subnet-stg",
      "provider": "provider[\"registry.terraform.io/hashicorp/azurerm\"]",
      "instances": [
        {
          "schema_version": 0,
          "attributes": {
            "address_prefix": "10.5.2.0/24",
            "address_prefixes": [
              "10.5.2.0/24"
            ],
            "delegation": [],
            "enforce_private_link_endpoint_network_policies": false,
            "enforce_private_link_service_network_policies": false,
            "id": "/subscriptions/5724b903-4538-4a5e-a901-8800185b5788/resourceGroups/AP-kthiramitsu/providers/Microsoft.Network/virtualNetworks/AP-vnet/subnets/AP-vnet-subnet-stg",
            "name": "AP-vnet-subnet-stg",
            "resource_group_name": "AP-kthiramitsu",
            "service_endpoint_policy_ids": [],
            "service_endpoints": [],
            "timeouts": null,
            "virtual_network_name": "AP-vnet"
          },
          "sensitive_attributes": [],
          "private": "eyJlMmJmYjczMC1lY2FhLTExZTYtOGY4OC0zNDM2M2JjN2M0YzAiOnsiY3JlYXRlIjoxODAwMDAwMDAwMDAwLCJkZWxldGUiOjE4MDAwMDAwMDAwMDAsInJlYWQiOjMwMDAwMDAwMDAwMCwidXBkYXRlIjoxODAwMDAwMDAwMDAwfX0="
        }
      ]
    },
    {
      "mode": "managed",
      "type": "azurerm_virtual_network",
      "name": "vnet",
      "provider": "provider[\"registry.terraform.io/hashicorp/azurerm\"]",
      "instances": [
        {
          "schema_version": 0,
          "attributes": {
            "address_space": [
              "10.5.0.0/16"
            ],
            "bgp_community": "",
            "ddos_protection_plan": [],
            "dns_servers": [],
            "guid": "f81fa24a-7508-48f9-8179-5e333ba370bf",
            "id": "/subscriptions/5724b903-4538-4a5e-a901-8800185b5788/resourceGroups/AP-kthiramitsu/providers/Microsoft.Network/virtualNetworks/AP-vnet",
            "location": "japanwest",
            "name": "AP-vnet",
            "resource_group_name": "AP-kthiramitsu",
            "subnet": [
              {
                "address_prefix": "10.5.1.0/24",
                "id": "/subscriptions/5724b903-4538-4a5e-a901-8800185b5788/resourceGroups/AP-kthiramitsu/providers/Microsoft.Network/virtualNetworks/AP-vnet/subnets/AP-vnet-subnet-dev",
                "name": "AP-vnet-subnet-dev",
                "security_group": ""
              },
              {
                "address_prefix": "10.5.2.0/24",
                "id": "/subscriptions/5724b903-4538-4a5e-a901-8800185b5788/resourceGroups/AP-kthiramitsu/providers/Microsoft.Network/virtualNetworks/AP-vnet/subnets/AP-vnet-subnet-stg",
                "name": "AP-vnet-subnet-stg",
                "security_group": ""
              },
              {
                "address_prefix": "10.5.3.0/24",
                "id": "/subscriptions/5724b903-4538-4a5e-a901-8800185b5788/resourceGroups/AP-kthiramitsu/providers/Microsoft.Network/virtualNetworks/AP-vnet/subnets/GatewaySubnet",
                "name": "GatewaySubnet",
                "security_group": ""
              }
            ],
            "tags": {},
            "timeouts": null,
            "vm_protection_enabled": false
          },
          "sensitive_attributes": [],
          "private": "eyJlMmJmYjczMC1lY2FhLTExZTYtOGY4OC0zNDM2M2JjN2M0YzAiOnsiY3JlYXRlIjoxODAwMDAwMDAwMDAwLCJkZWxldGUiOjE4MDAwMDAwMDAwMDAsInJlYWQiOjMwMDAwMDAwMDAwMCwidXBkYXRlIjoxODAwMDAwMDAwMDAwfX0="
        }
      ]
    },
    {
      "mode": "managed",
      "type": "azurerm_virtual_network_gateway",
      "name": "ERGW",
      "provider": "provider[\"registry.terraform.io/hashicorp/azurerm\"]",
      "instances": [
        {
          "schema_version": 0,
          "attributes": {
            "active_active": false,
            "bgp_settings": [],
            "custom_route": [],
            "default_local_network_gateway_id": null,
            "enable_bgp": false,
            "generation": "None",
            "id": "/subscriptions/5724b903-4538-4a5e-a901-8800185b5788/resourceGroups/AP-kthiramitsu/providers/Microsoft.Network/virtualNetworkGateways/AP-ERGW",
            "ip_configuration": [
              {
                "name": "AP-ERGW-pip",
                "private_ip_address_allocation": "Dynamic",
                "public_ip_address_id": "/subscriptions/5724b903-4538-4a5e-a901-8800185b5788/resourceGroups/AP-kthiramitsu/providers/Microsoft.Network/publicIPAddresses/AP-ERGW-pip",
                "subnet_id": "/subscriptions/5724b903-4538-4a5e-a901-8800185b5788/resourceGroups/AP-kthiramitsu/providers/Microsoft.Network/virtualNetworks/AP-vnet/subnets/GatewaySubnet"
              }
            ],
            "location": "japanwest",
            "name": "AP-ERGW",
            "private_ip_address_enabled": false,
            "resource_group_name": "AP-kthiramitsu",
            "sku": "Standard",
            "tags": {},
            "timeouts": null,
            "type": "ExpressRoute",
            "vpn_client_configuration": [],
            "vpn_type": "RouteBased"
          },
          "sensitive_attributes": [],
          "private": "eyJlMmJmYjczMC1lY2FhLTExZTYtOGY4OC0zNDM2M2JjN2M0YzAiOnsiY3JlYXRlIjozNjAwMDAwMDAwMDAwLCJkZWxldGUiOjM2MDAwMDAwMDAwMDAsInJlYWQiOjMwMDAwMDAwMDAwMCwidXBkYXRlIjozNjAwMDAwMDAwMDAwfX0=",
          "dependencies": [
            "azurerm_public_ip.AP-ERGW-pip",
            "azurerm_subnet.GatewaySubnet"
          ]
        }
      ]
    },
    {
      "mode": "managed",
      "type": "azurerm_windows_virtual_machine",
      "name": "vm-dev",
      "provider": "provider[\"registry.terraform.io/hashicorp/azurerm\"]",
      "instances": [
        {
          "schema_version": 0,
          "attributes": {
            "additional_capabilities": [],
            "additional_unattend_content": [],
            "admin_password": "Ne0sk.2613!$",
            "admin_username": "adminuser",
            "allow_extension_operations": true,
            "availability_set_id": "",
            "boot_diagnostics": [],
            "computer_name": "AP-server-dev",
            "custom_data": null,
            "dedicated_host_id": "",
            "enable_automatic_updates": true,
            "encryption_at_host_enabled": false,
            "eviction_policy": "",
            "extensions_time_budget": "PT1H30M",
            "id": "/subscriptions/5724b903-4538-4a5e-a901-8800185b5788/resourceGroups/AP-kthiramitsu/providers/Microsoft.Compute/virtualMachines/AP-server-dev",
            "identity": [],
            "license_type": "",
            "location": "japanwest",
            "max_bid_price": -1,
            "name": "AP-server-dev",
            "network_interface_ids": [
              "/subscriptions/5724b903-4538-4a5e-a901-8800185b5788/resourceGroups/AP-kthiramitsu/providers/Microsoft.Network/networkInterfaces/AP-server-dev-nic"
            ],
            "os_disk": [
              {
                "caching": "ReadWrite",
                "diff_disk_settings": [],
                "disk_encryption_set_id": "",
                "disk_size_gb": 127,
                "name": "AP-server-dev_OsDisk_1_cf444aebd3764d76a0dff074bb63e70b",
                "storage_account_type": "Premium_LRS",
                "write_accelerator_enabled": false
              }
            ],
            "patch_mode": "AutomaticByOS",
            "plan": [],
            "priority": "Regular",
            "private_ip_address": "10.5.1.4",
            "private_ip_addresses": [
              "10.5.1.4"
            ],
            "provision_vm_agent": true,
            "proximity_placement_group_id": "",
            "public_ip_address": "",
            "public_ip_addresses": [],
            "resource_group_name": "AP-kthiramitsu",
            "secret": [],
            "size": "Standard_B1ms",
            "source_image_id": "",
            "source_image_reference": [
              {
                "offer": "WindowsServer",
                "publisher": "MicrosoftWindowsServer",
                "sku": "2019-datacenter-gensecond",
                "version": "latest"
              }
            ],
            "tags": {},
            "timeouts": null,
            "timezone": "",
            "virtual_machine_id": "dd1e4441-607b-4564-88e7-85df98ca82d0",
            "virtual_machine_scale_set_id": "",
            "winrm_listener": [],
            "zone": ""
          },
          "sensitive_attributes": [],
          "private": "eyJlMmJmYjczMC1lY2FhLTExZTYtOGY4OC0zNDM2M2JjN2M0YzAiOnsiY3JlYXRlIjoyNzAwMDAwMDAwMDAwLCJkZWxldGUiOjI3MDAwMDAwMDAwMDAsInJlYWQiOjMwMDAwMDAwMDAwMCwidXBkYXRlIjoyNzAwMDAwMDAwMDAwfX0=",
          "dependencies": [
            "azurerm_network_interface.vm-dev-nic",
            "azurerm_subnet.subnet-dev"
          ]
        }
      ]
    }
  ]
}
